
Microsoft Visual Studio Solution File, Format Version 12.00
# Visual Studio Version 17
VisualStudioVersion = 17.11.35327.3
MinimumVisualStudioVersion = 10.0.40219.1
Project("{FAE04EC0-301F-11D3-BF4B-00C04F79EFBC}") = "ContactList", "ContactList\ContactList.csproj", "{1C77A905-272F-4789-86B7-40F58372626B}"
EndProject
Global
	GlobalSection(SolutionConfigurationPlatforms) = preSolution
		Debug|Any CPU = Debug|Any CPU
		Release|Any CPU = Release|Any CPU
	EndGlobalSection
	GlobalSection(ProjectConfigurationPlatforms) = postSolution
		{1C77A905-272F-4789-86B7-40F58372626B}.Debug|Any CPU.ActiveCfg = Debug|Any CPU
		{1C77A905-272F-4789-86B7-40F58372626B}.Debug|Any CPU.Build.0 = Debug|Any CPU
		{1C77A905-272F-4789-86B7-40F58372626B}.Release|Any CPU.ActiveCfg = Release|Any CPU
		{1C77A905-272F-4789-86B7-40F58372626B}.Release|Any CPU.Build.0 = Release|Any CPU
	EndGlobalSection
	GlobalSection(SolutionProperties) = preSolution
		HideSolutionNode = FALSE
	EndGlobalSection
	GlobalSection(ExtensibilityGlobals) = postSolution
		SolutionGuid = {C0D6E0C7-0C83-44EE-9A6F-D675E5D8DA61}
	EndGlobalSection
EndGlobal
